// !$*UTF8*$!
{
	archiveVersion = 1;
	classes = {
	};
	objectVersion = 56;
	objects = {

/* Begin PBXBuildFile section */
		3B9355A829BBE17C00C9049A /* AppDelegate.swift in Sources */ = {isa = PBXBuildFile; fileRef = 3B9355A729BBE17C00C9049A /* AppDelegate.swift */; };
		3B9355AA29BBE17C00C9049A /* SceneDelegate.swift in Sources */ = {isa = PBXBuildFile; fileRef = 3B9355A929BBE17C00C9049A /* SceneDelegate.swift */; };
		3B9355AC29BBE17C00C9049A /* RickAndMortyViewController.swift in Sources */ = {isa = PBXBuildFile; fileRef = 3B9355AB29BBE17C00C9049A /* RickAndMortyViewController.swift */; };
		3B9355AF29BBE17C00C9049A /* Main.storyboard in Resources */ = {isa = PBXBuildFile; fileRef = 3B9355AD29BBE17C00C9049A /* Main.storyboard */; };
		3B9355B229BBE17C00C9049A /* R_M_Characters.xcdatamodeld in Sources */ = {isa = PBXBuildFile; fileRef = 3B9355B029BBE17C00C9049A /* R_M_Characters.xcdatamodeld */; };
		3B9355B429BBE17D00C9049A /* Assets.xcassets in Resources */ = {isa = PBXBuildFile; fileRef = 3B9355B329BBE17D00C9049A /* Assets.xcassets */; };
		3B9355B729BBE17D00C9049A /* LaunchScreen.storyboard in Resources */ = {isa = PBXBuildFile; fileRef = 3B9355B529BBE17D00C9049A /* LaunchScreen.storyboard */; };
		3B9355C229BBE17D00C9049A /* R_M_CharactersTests.swift in Sources */ = {isa = PBXBuildFile; fileRef = 3B9355C129BBE17D00C9049A /* R_M_CharactersTests.swift */; };
		3B9355CC29BBE17D00C9049A /* R_M_CharactersUITests.swift in Sources */ = {isa = PBXBuildFile; fileRef = 3B9355CB29BBE17D00C9049A /* R_M_CharactersUITests.swift */; };
		3B9355CE29BBE17D00C9049A /* R_M_CharactersUITestsLaunchTests.swift in Sources */ = {isa = PBXBuildFile; fileRef = 3B9355CD29BBE17D00C9049A /* R_M_CharactersUITestsLaunchTests.swift */; };
		3B9355DC29BBE21200C9049A /* RMHttpClient.swift in Sources */ = {isa = PBXBuildFile; fileRef = 3B9355DB29BBE21200C9049A /* RMHttpClient.swift */; };
		3B9355DF29BBE2AD00C9049A /* Constants.swift in Sources */ = {isa = PBXBuildFile; fileRef = 3B9355DE29BBE2AD00C9049A /* Constants.swift */; };
		3B9355E229BBE7C700C9049A /* CharacterResult.swift in Sources */ = {isa = PBXBuildFile; fileRef = 3B9355E129BBE7C700C9049A /* CharacterResult.swift */; };
		3B9355E429BBE7D300C9049A /* CharacterListResult.swift in Sources */ = {isa = PBXBuildFile; fileRef = 3B9355E329BBE7D300C9049A /* CharacterListResult.swift */; };
		3B9355E729BBE8C500C9049A /* RMHttpMapper.swift in Sources */ = {isa = PBXBuildFile; fileRef = 3B9355E629BBE8C500C9049A /* RMHttpMapper.swift */; };
		3B9355EA29BCF99900C9049A /* RMTablewViewCell.swift in Sources */ = {isa = PBXBuildFile; fileRef = 3B9355E929BCF99900C9049A /* RMTablewViewCell.swift */; };
		3B9355EC29BCF9AB00C9049A /* RMTablewViewCell.xib in Resources */ = {isa = PBXBuildFile; fileRef = 3B9355EB29BCF9AB00C9049A /* RMTablewViewCell.xib */; };
		3B9355F029BD087A00C9049A /* RMTablewViewCellModel.swift in Sources */ = {isa = PBXBuildFile; fileRef = 3B9355EF29BD087A00C9049A /* RMTablewViewCellModel.swift */; };
		3B9355F329BD428F00C9049A /* UIImage+Extensions.swift in Sources */ = {isa = PBXBuildFile; fileRef = 3B9355F229BD428F00C9049A /* UIImage+Extensions.swift */; };
		3B9355F529BFD75B00C9049A /* CharacterViewController.swift in Sources */ = {isa = PBXBuildFile; fileRef = 3B9355F429BFD75B00C9049A /* CharacterViewController.swift */; };
		3B9355F729C1331700C9049A /* RMPresenterViewController.swift in Sources */ = {isa = PBXBuildFile; fileRef = 3B9355F629C1331700C9049A /* RMPresenterViewController.swift */; };
/* End PBXBuildFile section */

/* Begin PBXContainerItemProxy section */
		3B9355BE29BBE17D00C9049A /* PBXContainerItemProxy */ = {
			isa = PBXContainerItemProxy;
			containerPortal = 3B93559C29BBE17C00C9049A /* Project object */;
			proxyType = 1;
			remoteGlobalIDString = 3B9355A329BBE17C00C9049A;
			remoteInfo = "R&M Characters";
		};
		3B9355C829BBE17D00C9049A /* PBXContainerItemProxy */ = {
			isa = PBXContainerItemProxy;
			containerPortal = 3B93559C29BBE17C00C9049A /* Project object */;
			proxyType = 1;
			remoteGlobalIDString = 3B9355A329BBE17C00C9049A;
			remoteInfo = "R&M Characters";
		};
/* End PBXContainerItemProxy section */

/* Begin PBXFileReference section */
		3B9355A429BBE17C00C9049A /* R&M Characters.app */ = {isa = PBXFileReference; explicitFileType = wrapper.application; includeInIndex = 0; path = "R&M Characters.app"; sourceTree = BUILT_PRODUCTS_DIR; };
		3B9355A729BBE17C00C9049A /* AppDelegate.swift */ = {isa = PBXFileReference; lastKnownFileType = sourcecode.swift; path = AppDelegate.swift; sourceTree = "<group>"; };
		3B9355A929BBE17C00C9049A /* SceneDelegate.swift */ = {isa = PBXFileReference; lastKnownFileType = sourcecode.swift; path = SceneDelegate.swift; sourceTree = "<group>"; };
		3B9355AB29BBE17C00C9049A /* RickAndMortyViewController.swift */ = {isa = PBXFileReference; lastKnownFileType = sourcecode.swift; path = RickAndMortyViewController.swift; sourceTree = "<group>"; };
		3B9355AE29BBE17C00C9049A /* Base */ = {isa = PBXFileReference; lastKnownFileType = file.storyboard; name = Base; path = Base.lproj/Main.storyboard; sourceTree = "<group>"; };
		3B9355B129BBE17C00C9049A /* R_M_Characters.xcdatamodel */ = {isa = PBXFileReference; lastKnownFileType = wrapper.xcdatamodel; path = R_M_Characters.xcdatamodel; sourceTree = "<group>"; };
		3B9355B329BBE17D00C9049A /* Assets.xcassets */ = {isa = PBXFileReference; lastKnownFileType = folder.assetcatalog; path = Assets.xcassets; sourceTree = "<group>"; };
		3B9355B629BBE17D00C9049A /* Base */ = {isa = PBXFileReference; lastKnownFileType = file.storyboard; name = Base; path = Base.lproj/LaunchScreen.storyboard; sourceTree = "<group>"; };
		3B9355B829BBE17D00C9049A /* Info.plist */ = {isa = PBXFileReference; lastKnownFileType = text.plist.xml; path = Info.plist; sourceTree = "<group>"; };
		3B9355BD29BBE17D00C9049A /* R&M CharactersTests.xctest */ = {isa = PBXFileReference; explicitFileType = wrapper.cfbundle; includeInIndex = 0; path = "R&M CharactersTests.xctest"; sourceTree = BUILT_PRODUCTS_DIR; };
		3B9355C129BBE17D00C9049A /* R_M_CharactersTests.swift */ = {isa = PBXFileReference; lastKnownFileType = sourcecode.swift; path = R_M_CharactersTests.swift; sourceTree = "<group>"; };
		3B9355C729BBE17D00C9049A /* R&M CharactersUITests.xctest */ = {isa = PBXFileReference; explicitFileType = wrapper.cfbundle; includeInIndex = 0; path = "R&M CharactersUITests.xctest"; sourceTree = BUILT_PRODUCTS_DIR; };
		3B9355CB29BBE17D00C9049A /* R_M_CharactersUITests.swift */ = {isa = PBXFileReference; lastKnownFileType = sourcecode.swift; path = R_M_CharactersUITests.swift; sourceTree = "<group>"; };
		3B9355CD29BBE17D00C9049A /* R_M_CharactersUITestsLaunchTests.swift */ = {isa = PBXFileReference; lastKnownFileType = sourcecode.swift; path = R_M_CharactersUITestsLaunchTests.swift; sourceTree = "<group>"; };
		3B9355DB29BBE21200C9049A /* RMHttpClient.swift */ = {isa = PBXFileReference; lastKnownFileType = sourcecode.swift; path = RMHttpClient.swift; sourceTree = "<group>"; };
		3B9355DE29BBE2AD00C9049A /* Constants.swift */ = {isa = PBXFileReference; lastKnownFileType = sourcecode.swift; path = Constants.swift; sourceTree = "<group>"; };
		3B9355E129BBE7C700C9049A /* CharacterResult.swift */ = {isa = PBXFileReference; lastKnownFileType = sourcecode.swift; path = CharacterResult.swift; sourceTree = "<group>"; };
		3B9355E329BBE7D300C9049A /* CharacterListResult.swift */ = {isa = PBXFileReference; lastKnownFileType = sourcecode.swift; path = CharacterListResult.swift; sourceTree = "<group>"; };
		3B9355E629BBE8C500C9049A /* RMHttpMapper.swift */ = {isa = PBXFileReference; lastKnownFileType = sourcecode.swift; path = RMHttpMapper.swift; sourceTree = "<group>"; };
		3B9355E929BCF99900C9049A /* RMTablewViewCell.swift */ = {isa = PBXFileReference; lastKnownFileType = sourcecode.swift; path = RMTablewViewCell.swift; sourceTree = "<group>"; };
		3B9355EB29BCF9AB00C9049A /* RMTablewViewCell.xib */ = {isa = PBXFileReference; lastKnownFileType = file.xib; path = RMTablewViewCell.xib; sourceTree = "<group>"; };
		3B9355EF29BD087A00C9049A /* RMTablewViewCellModel.swift */ = {isa = PBXFileReference; lastKnownFileType = sourcecode.swift; path = RMTablewViewCellModel.swift; sourceTree = "<group>"; };
		3B9355F229BD428F00C9049A /* UIImage+Extensions.swift */ = {isa = PBXFileReference; lastKnownFileType = sourcecode.swift; path = "UIImage+Extensions.swift"; sourceTree = "<group>"; };
		3B9355F429BFD75B00C9049A /* CharacterViewController.swift */ = {isa = PBXFileReference; lastKnownFileType = sourcecode.swift; path = CharacterViewController.swift; sourceTree = "<group>"; };
		3B9355F629C1331700C9049A /* RMPresenterViewController.swift */ = {isa = PBXFileReference; lastKnownFileType = sourcecode.swift; path = RMPresenterViewController.swift; sourceTree = "<group>"; };
/* End PBXFileReference section */

/* Begin PBXFrameworksBuildPhase section */
		3B9355A129BBE17C00C9049A /* Frameworks */ = {
			isa = PBXFrameworksBuildPhase;
			buildActionMask = 2147483647;
			files = (
			);
			runOnlyForDeploymentPostprocessing = 0;
		};
		3B9355BA29BBE17D00C9049A /* Frameworks */ = {
			isa = PBXFrameworksBuildPhase;
			buildActionMask = 2147483647;
			files = (
			);
			runOnlyForDeploymentPostprocessing = 0;
		};
		3B9355C429BBE17D00C9049A /* Frameworks */ = {
			isa = PBXFrameworksBuildPhase;
			buildActionMask = 2147483647;
			files = (
			);
			runOnlyForDeploymentPostprocessing = 0;
		};
/* End PBXFrameworksBuildPhase section */

/* Begin PBXGroup section */
		3B93559B29BBE17C00C9049A = {
			isa = PBXGroup;
			children = (
				3B9355F629C1331700C9049A /* RMPresenterViewController.swift */,
				3B9355A629BBE17C00C9049A /* R&M Characters */,
				3B9355C029BBE17D00C9049A /* R&M CharactersTests */,
				3B9355CA29BBE17D00C9049A /* R&M CharactersUITests */,
				3B9355A529BBE17C00C9049A /* Products */,
			);
			sourceTree = "<group>";
		};
		3B9355A529BBE17C00C9049A /* Products */ = {
			isa = PBXGroup;
			children = (
				3B9355A429BBE17C00C9049A /* R&M Characters.app */,
				3B9355BD29BBE17D00C9049A /* R&M CharactersTests.xctest */,
				3B9355C729BBE17D00C9049A /* R&M CharactersUITests.xctest */,
			);
			name = Products;
			sourceTree = "<group>";
		};
		3B9355A629BBE17C00C9049A /* R&M Characters */ = {
			isa = PBXGroup;
			children = (
				3B9355F129BD428300C9049A /* Utils */,
				3B9355E829BCF98000C9049A /* RMTablewViewCell */,
				3B9355DD29BBE2A000C9049A /* Constants */,
				3B9355DA29BBE19E00C9049A /* RMHttpClient */,
				3B9355A729BBE17C00C9049A /* AppDelegate.swift */,
				3B9355A929BBE17C00C9049A /* SceneDelegate.swift */,
				3B9355AB29BBE17C00C9049A /* RickAndMortyViewController.swift */,
				3B9355AD29BBE17C00C9049A /* Main.storyboard */,
				3B9355B329BBE17D00C9049A /* Assets.xcassets */,
				3B9355B529BBE17D00C9049A /* LaunchScreen.storyboard */,
				3B9355B829BBE17D00C9049A /* Info.plist */,
				3B9355B029BBE17C00C9049A /* R_M_Characters.xcdatamodeld */,
				3B9355F429BFD75B00C9049A /* CharacterViewController.swift */,
			);
			path = "R&M Characters";
			sourceTree = "<group>";
		};
		3B9355C029BBE17D00C9049A /* R&M CharactersTests */ = {
			isa = PBXGroup;
			children = (
				3B9355C129BBE17D00C9049A /* R_M_CharactersTests.swift */,
			);
			path = "R&M CharactersTests";
			sourceTree = "<group>";
		};
		3B9355CA29BBE17D00C9049A /* R&M CharactersUITests */ = {
			isa = PBXGroup;
			children = (
				3B9355CB29BBE17D00C9049A /* R_M_CharactersUITests.swift */,
				3B9355CD29BBE17D00C9049A /* R_M_CharactersUITestsLaunchTests.swift */,
			);
			path = "R&M CharactersUITests";
			sourceTree = "<group>";
		};
		3B9355DA29BBE19E00C9049A /* RMHttpClient */ = {
			isa = PBXGroup;
			children = (
				3B9355E529BBE8B000C9049A /* Utils */,
				3B9355E029BBE79800C9049A /* Models */,
				3B9355DB29BBE21200C9049A /* RMHttpClient.swift */,
			);
			path = RMHttpClient;
			sourceTree = "<group>";
		};
		3B9355DD29BBE2A000C9049A /* Constants */ = {
			isa = PBXGroup;
			children = (
				3B9355DE29BBE2AD00C9049A /* Constants.swift */,
			);
			path = Constants;
			sourceTree = "<group>";
		};
		3B9355E029BBE79800C9049A /* Models */ = {
			isa = PBXGroup;
			children = (
				3B9355E129BBE7C700C9049A /* CharacterResult.swift */,
				3B9355E329BBE7D300C9049A /* CharacterListResult.swift */,
			);
			path = Models;
			sourceTree = "<group>";
		};
		3B9355E529BBE8B000C9049A /* Utils */ = {
			isa = PBXGroup;
			children = (
				3B9355E629BBE8C500C9049A /* RMHttpMapper.swift */,
			);
			path = Utils;
			sourceTree = "<group>";
		};
		3B9355E829BCF98000C9049A /* RMTablewViewCell */ = {
			isa = PBXGroup;
			children = (
				3B9355E929BCF99900C9049A /* RMTablewViewCell.swift */,
				3B9355EB29BCF9AB00C9049A /* RMTablewViewCell.xib */,
				3B9355EF29BD087A00C9049A /* RMTablewViewCellModel.swift */,
			);
			path = RMTablewViewCell;
			sourceTree = "<group>";
		};
		3B9355F129BD428300C9049A /* Utils */ = {
			isa = PBXGroup;
			children = (
				3B9355F229BD428F00C9049A /* UIImage+Extensions.swift */,
			);
			path = Utils;
			sourceTree = "<group>";
		};
/* End PBXGroup section */

/* Begin PBXNativeTarget section */
		3B9355A329BBE17C00C9049A /* R&M Characters */ = {
			isa = PBXNativeTarget;
			buildConfigurationList = 3B9355D129BBE17D00C9049A /* Build configuration list for PBXNativeTarget "R&M Characters" */;
			buildPhases = (
				3B9355A029BBE17C00C9049A /* Sources */,
				3B9355A129BBE17C00C9049A /* Frameworks */,
				3B9355A229BBE17C00C9049A /* Resources */,
			);
			buildRules = (
			);
			dependencies = (
			);
			name = "R&M Characters";
			productName = "R&M Characters";
			productReference = 3B9355A429BBE17C00C9049A /* R&M Characters.app */;
			productType = "com.apple.product-type.application";
		};
		3B9355BC29BBE17D00C9049A /* R&M CharactersTests */ = {
			isa = PBXNativeTarget;
			buildConfigurationList = 3B9355D429BBE17D00C9049A /* Build configuration list for PBXNativeTarget "R&M CharactersTests" */;
			buildPhases = (
				3B9355B929BBE17D00C9049A /* Sources */,
				3B9355BA29BBE17D00C9049A /* Frameworks */,
				3B9355BB29BBE17D00C9049A /* Resources */,
			);
			buildRules = (
			);
			dependencies = (
				3B9355BF29BBE17D00C9049A /* PBXTargetDependency */,
			);
			name = "R&M CharactersTests";
			productName = "R&M CharactersTests";
			productReference = 3B9355BD29BBE17D00C9049A /* R&M CharactersTests.xctest */;
			productType = "com.apple.product-type.bundle.unit-test";
		};
		3B9355C629BBE17D00C9049A /* R&M CharactersUITests */ = {
			isa = PBXNativeTarget;
			buildConfigurationList = 3B9355D729BBE17D00C9049A /* Build configuration list for PBXNativeTarget "R&M CharactersUITests" */;
			buildPhases = (
				3B9355C329BBE17D00C9049A /* Sources */,
				3B9355C429BBE17D00C9049A /* Frameworks */,
				3B9355C529BBE17D00C9049A /* Resources */,
			);
			buildRules = (
			);
			dependencies = (
				3B9355C929BBE17D00C9049A /* PBXTargetDependency */,
			);
			name = "R&M CharactersUITests";
			productName = "R&M CharactersUITests";
			productReference = 3B9355C729BBE17D00C9049A /* R&M CharactersUITests.xctest */;
			productType = "com.apple.product-type.bundle.ui-testing";
		};
/* End PBXNativeTarget section */

/* Begin PBXProject section */
		3B93559C29BBE17C00C9049A /* Project object */ = {
			isa = PBXProject;
			attributes = {
				BuildIndependentTargetsInParallel = 1;
				LastSwiftUpdateCheck = 1420;
				LastUpgradeCheck = 1420;
				TargetAttributes = {
					3B9355A329BBE17C00C9049A = {
						CreatedOnToolsVersion = 14.2;
					};
					3B9355BC29BBE17D00C9049A = {
						CreatedOnToolsVersion = 14.2;
						TestTargetID = 3B9355A329BBE17C00C9049A;
					};
					3B9355C629BBE17D00C9049A = {
						CreatedOnToolsVersion = 14.2;
						TestTargetID = 3B9355A329BBE17C00C9049A;
					};
				};
			};
			buildConfigurationList = 3B93559F29BBE17C00C9049A /* Build configuration list for PBXProject "R&M Characters" */;
			compatibilityVersion = "Xcode 14.0";
			developmentRegion = en;
			hasScannedForEncodings = 0;
			knownRegions = (
				en,
				Base,
			);
			mainGroup = 3B93559B29BBE17C00C9049A;
			productRefGroup = 3B9355A529BBE17C00C9049A /* Products */;
			projectDirPath = "";
			projectRoot = "";
			targets = (
				3B9355A329BBE17C00C9049A /* R&M Characters */,
				3B9355BC29BBE17D00C9049A /* R&M CharactersTests */,
				3B9355C629BBE17D00C9049A /* R&M CharactersUITests */,
			);
		};
/* End PBXProject section */

/* Begin PBXResourcesBuildPhase section */
		3B9355A229BBE17C00C9049A /* Resources */ = {
			isa = PBXResourcesBuildPhase;
			buildActionMask = 2147483647;
			files = (
				3B9355B729BBE17D00C9049A /* LaunchScreen.storyboard in Resources */,
				3B9355B429BBE17D00C9049A /* Assets.xcassets in Resources */,
				3B9355EC29BCF9AB00C9049A /* RMTablewViewCell.xib in Resources */,
				3B9355AF29BBE17C00C9049A /* Main.storyboard in Resources */,
			);
			runOnlyForDeploymentPostprocessing = 0;
		};
		3B9355BB29BBE17D00C9049A /* Resources */ = {
			isa = PBXResourcesBuildPhase;
			buildActionMask = 2147483647;
			files = (
			);
			runOnlyForDeploymentPostprocessing = 0;
		};
		3B9355C529BBE17D00C9049A /* Resources */ = {
			isa = PBXResourcesBuildPhase;
			buildActionMask = 2147483647;
			files = (
			);
			runOnlyForDeploymentPostprocessing = 0;
		};
/* End PBXResourcesBuildPhase section */

/* Begin PBXSourcesBuildPhase section */
		3B9355A029BBE17C00C9049A /* Sources */ = {
			isa = PBXSourcesBuildPhase;
			buildActionMask = 2147483647;
			files = (
				3B9355E229BBE7C700C9049A /* CharacterResult.swift in Sources */,
				3B9355E729BBE8C500C9049A /* RMHttpMapper.swift in Sources */,
				3B9355DF29BBE2AD00C9049A /* Constants.swift in Sources */,
				3B9355F529BFD75B00C9049A /* CharacterViewController.swift in Sources */,
				3B9355B229BBE17C00C9049A /* R_M_Characters.xcdatamodeld in Sources */,
				3B9355AC29BBE17C00C9049A /* RickAndMortyViewController.swift in Sources */,
				3B9355E429BBE7D300C9049A /* CharacterListResult.swift in Sources */,
				3B9355A829BBE17C00C9049A /* AppDelegate.swift in Sources */,
				3B9355F729C1331700C9049A /* RMPresenterViewController.swift in Sources */,
				3B9355DC29BBE21200C9049A /* RMHttpClient.swift in Sources */,
				3B9355F329BD428F00C9049A /* UIImage+Extensions.swift in Sources */,
				3B9355EA29BCF99900C9049A /* RMTablewViewCell.swift in Sources */,
				3B9355AA29BBE17C00C9049A /* SceneDelegate.swift in Sources */,
				3B9355F029BD087A00C9049A /* RMTablewViewCellModel.swift in Sources */,
			);
			runOnlyForDeploymentPostprocessing = 0;
		};
		3B9355B929BBE17D00C9049A /* Sources */ = {
			isa = PBXSourcesBuildPhase;
			buildActionMask = 2147483647;
			files = (
				3B9355C229BBE17D00C9049A /* R_M_CharactersTests.swift in Sources */,
			);
			runOnlyForDeploymentPostprocessing = 0;
		};
		3B9355C329BBE17D00C9049A /* Sources */ = {
			isa = PBXSourcesBuildPhase;
			buildActionMask = 2147483647;
			files = (
				3B9355CC29BBE17D00C9049A /* R_M_CharactersUITests.swift in Sources */,
				3B9355CE29BBE17D00C9049A /* R_M_CharactersUITestsLaunchTests.swift in Sources */,
			);
			runOnlyForDeploymentPostprocessing = 0;
		};
/* End PBXSourcesBuildPhase section */

/* Begin PBXTargetDependency section */
		3B9355BF29BBE17D00C9049A /* PBXTargetDependency */ = {
			isa = PBXTargetDependency;
			target = 3B9355A329BBE17C00C9049A /* R&M Characters */;
			targetProxy = 3B9355BE29BBE17D00C9049A /* PBXContainerItemProxy */;
		};
		3B9355C929BBE17D00C9049A /* PBXTargetDependency */ = {
			isa = PBXTargetDependency;
			target = 3B9355A329BBE17C00C9049A /* R&M Characters */;
			targetProxy = 3B9355C829BBE17D00C9049A /* PBXContainerItemProxy */;
		};
/* End PBXTargetDependency section */

/* Begin PBXVariantGroup section */
		3B9355AD29BBE17C00C9049A /* Main.storyboard */ = {
			isa = PBXVariantGroup;
			children = (
				3B9355AE29BBE17C00C9049A /* Base */,
			);
			name = Main.storyboard;
			sourceTree = "<group>";
		};
		3B9355B529BBE17D00C9049A /* LaunchScreen.storyboard */ = {
			isa = PBXVariantGroup;
			children = (
				3B9355B629BBE17D00C9049A /* Base */,
			);
			name = LaunchScreen.storyboard;
			sourceTree = "<group>";
		};
/* End PBXVariantGroup section */

/* Begin XCBuildConfiguration section */
		3B9355CF29BBE17D00C9049A /* Debug */ = {
			isa = XCBuildConfiguration;
			buildSettings = {
				ALWAYS_SEARCH_USER_PATHS = NO;
				CLANG_ANALYZER_NONNULL = YES;
				CLANG_ANALYZER_NUMBER_OBJECT_CONVERSION = YES_AGGRESSIVE;
				CLANG_CXX_LANGUAGE_STANDARD = "gnu++20";
				CLANG_ENABLE_MODULES = YES;
				CLANG_ENABLE_OBJC_ARC = YES;
				CLANG_ENABLE_OBJC_WEAK = YES;
				CLANG_WARN_BLOCK_CAPTURE_AUTORELEASING = YES;
				CLANG_WARN_BOOL_CONVERSION = YES;
				CLANG_WARN_COMMA = YES;
				CLANG_WARN_CONSTANT_CONVERSION = YES;
				CLANG_WARN_DEPRECATED_OBJC_IMPLEMENTATIONS = YES;
				CLANG_WARN_DIRECT_OBJC_ISA_USAGE = YES_ERROR;
				CLANG_WARN_DOCUMENTATION_COMMENTS = YES;
				CLANG_WARN_EMPTY_BODY = YES;
				CLANG_WARN_ENUM_CONVERSION = YES;
				CLANG_WARN_INFINITE_RECURSION = YES;
				CLANG_WARN_INT_CONVERSION = YES;
				CLANG_WARN_NON_LITERAL_NULL_CONVERSION = YES;
				CLANG_WARN_OBJC_IMPLICIT_RETAIN_SELF = YES;
				CLANG_WARN_OBJC_LITERAL_CONVERSION = YES;
				CLANG_WARN_OBJC_ROOT_CLASS = YES_ERROR;
				CLANG_WARN_QUOTED_INCLUDE_IN_FRAMEWORK_HEADER = YES;
				CLANG_WARN_RANGE_LOOP_ANALYSIS = YES;
				CLANG_WARN_STRICT_PROTOTYPES = YES;
				CLANG_WARN_SUSPICIOUS_MOVE = YES;
				CLANG_WARN_UNGUARDED_AVAILABILITY = YES_AGGRESSIVE;
				CLANG_WARN_UNREACHABLE_CODE = YES;
				CLANG_WARN__DUPLICATE_METHOD_MATCH = YES;
				COPY_PHASE_STRIP = NO;
				DEBUG_INFORMATION_FORMAT = dwarf;
				ENABLE_STRICT_OBJC_MSGSEND = YES;
				ENABLE_TESTABILITY = YES;
				GCC_C_LANGUAGE_STANDARD = gnu11;
				GCC_DYNAMIC_NO_PIC = NO;
				GCC_NO_COMMON_BLOCKS = YES;
				GCC_OPTIMIZATION_LEVEL = 0;
				GCC_PREPROCESSOR_DEFINITIONS = (
					"DEBUG=1",
					"$(inherited)",
				);
				GCC_WARN_64_TO_32_BIT_CONVERSION = YES;
				GCC_WARN_ABOUT_RETURN_TYPE = YES_ERROR;
				GCC_WARN_UNDECLARED_SELECTOR = YES;
				GCC_WARN_UNINITIALIZED_AUTOS = YES_AGGRESSIVE;
				GCC_WARN_UNUSED_FUNCTION = YES;
				GCC_WARN_UNUSED_VARIABLE = YES;
				IPHONEOS_DEPLOYMENT_TARGET = 16.2;
				MTL_ENABLE_DEBUG_INFO = INCLUDE_SOURCE;
				MTL_FAST_MATH = YES;
				ONLY_ACTIVE_ARCH = YES;
				SDKROOT = iphoneos;
				SWIFT_ACTIVE_COMPILATION_CONDITIONS = DEBUG;
				SWIFT_OPTIMIZATION_LEVEL = "-Onone";
			};
			name = Debug;
		};
		3B9355D029BBE17D00C9049A /* Release */ = {
			isa = XCBuildConfiguration;
			buildSettings = {
				ALWAYS_SEARCH_USER_PATHS = NO;
				CLANG_ANALYZER_NONNULL = YES;
				CLANG_ANALYZER_NUMBER_OBJECT_CONVERSION = YES_AGGRESSIVE;
				CLANG_CXX_LANGUAGE_STANDARD = "gnu++20";
				CLANG_ENABLE_MODULES = YES;
				CLANG_ENABLE_OBJC_ARC = YES;
				CLANG_ENABLE_OBJC_WEAK = YES;
				CLANG_WARN_BLOCK_CAPTURE_AUTORELEASING = YES;
				CLANG_WARN_BOOL_CONVERSION = YES;
				CLANG_WARN_COMMA = YES;
				CLANG_WARN_CONSTANT_CONVERSION = YES;
				CLANG_WARN_DEPRECATED_OBJC_IMPLEMENTATIONS = YES;
				CLANG_WARN_DIRECT_OBJC_ISA_USAGE = YES_ERROR;
				CLANG_WARN_DOCUMENTATION_COMMENTS = YES;
				CLANG_WARN_EMPTY_BODY = YES;
				CLANG_WARN_ENUM_CONVERSION = YES;
				CLANG_WARN_INFINITE_RECURSION = YES;
				CLANG_WARN_INT_CONVERSION = YES;
				CLANG_WARN_NON_LITERAL_NULL_CONVERSION = YES;
				CLANG_WARN_OBJC_IMPLICIT_RETAIN_SELF = YES;
				CLANG_WARN_OBJC_LITERAL_CONVERSION = YES;
				CLANG_WARN_OBJC_ROOT_CLASS = YES_ERROR;
				CLANG_WARN_QUOTED_INCLUDE_IN_FRAMEWORK_HEADER = YES;
				CLANG_WARN_RANGE_LOOP_ANALYSIS = YES;
				CLANG_WARN_STRICT_PROTOTYPES = YES;
				CLANG_WARN_SUSPICIOUS_MOVE = YES;
				CLANG_WARN_UNGUARDED_AVAILABILITY = YES_AGGRESSIVE;
				CLANG_WARN_UNREACHABLE_CODE = YES;
				CLANG_WARN__DUPLICATE_METHOD_MATCH = YES;
				COPY_PHASE_STRIP = NO;
				DEBUG_INFORMATION_FORMAT = "dwarf-with-dsym";
				ENABLE_NS_ASSERTIONS = NO;
				ENABLE_STRICT_OBJC_MSGSEND = YES;
				GCC_C_LANGUAGE_STANDARD = gnu11;
				GCC_NO_COMMON_BLOCKS = YES;
				GCC_WARN_64_TO_32_BIT_CONVERSION = YES;
				GCC_WARN_ABOUT_RETURN_TYPE = YES_ERROR;
				GCC_WARN_UNDECLARED_SELECTOR = YES;
				GCC_WARN_UNINITIALIZED_AUTOS = YES_AGGRESSIVE;
				GCC_WARN_UNUSED_FUNCTION = YES;
				GCC_WARN_UNUSED_VARIABLE = YES;
				IPHONEOS_DEPLOYMENT_TARGET = 16.2;
				MTL_ENABLE_DEBUG_INFO = NO;
				MTL_FAST_MATH = YES;
				SDKROOT = iphoneos;
				SWIFT_COMPILATION_MODE = wholemodule;
				SWIFT_OPTIMIZATION_LEVEL = "-O";
				VALIDATE_PRODUCT = YES;
			};
			name = Release;
		};
		3B9355D229BBE17D00C9049A /* Debug */ = {
			isa = XCBuildConfiguration;
			buildSettings = {
				ASSETCATALOG_COMPILER_APPICON_NAME = AppIcon;
				ASSETCATALOG_COMPILER_GLOBAL_ACCENT_COLOR_NAME = AccentColor;
				CODE_SIGN_STYLE = Automatic;
				CURRENT_PROJECT_VERSION = 1;
				DEVELOPMENT_TEAM = 9TKBLYP5N6;
				GENERATE_INFOPLIST_FILE = YES;
				INFOPLIST_FILE = "R&M Characters/Info.plist";
				INFOPLIST_KEY_UIApplicationSupportsIndirectInputEvents = YES;
				INFOPLIST_KEY_UILaunchStoryboardName = LaunchScreen;
				INFOPLIST_KEY_UIMainStoryboardFile = Main;
				INFOPLIST_KEY_UISupportedInterfaceOrientations_iPad = "UIInterfaceOrientationPortrait UIInterfaceOrientationPortraitUpsideDown UIInterfaceOrientationLandscapeLeft UIInterfaceOrientationLandscapeRight";
				INFOPLIST_KEY_UISupportedInterfaceOrientations_iPhone = "UIInterfaceOrientationPortrait UIInterfaceOrientationLandscapeLeft UIInterfaceOrientationLandscapeRight";
				LD_RUNPATH_SEARCH_PATHS = (
					"$(inherited)",
					"@executable_path/Frameworks",
				);
				MARKETING_VERSION = 1.0;
				PRODUCT_BUNDLE_IDENTIFIER = "com.rmoreno.R-M-Characters";
				PRODUCT_NAME = "$(TARGET_NAME)";
				SWIFT_EMIT_LOC_STRINGS = YES;
				SWIFT_VERSION = 5.0;
				TARGETED_DEVICE_FAMILY = "1,2";
			};
			name = Debug;
		};
		3B9355D329BBE17D00C9049A /* Release */ = {
			isa = XCBuildConfiguration;
			buildSettings = {
				ASSETCATALOG_COMPILER_APPICON_NAME = AppIcon;
				ASSETCATALOG_COMPILER_GLOBAL_ACCENT_COLOR_NAME = AccentColor;
				CODE_SIGN_STYLE = Automatic;
				CURRENT_PROJECT_VERSION = 1;
				DEVELOPMENT_TEAM = 9TKBLYP5N6;
				GENERATE_INFOPLIST_FILE = YES;
				INFOPLIST_FILE = "R&M Characters/Info.plist";
				INFOPLIST_KEY_UIApplicationSupportsIndirectInputEvents = YES;
				INFOPLIST_KEY_UILaunchStoryboardName = LaunchScreen;
				INFOPLIST_KEY_UIMainStoryboardFile = Main;
				INFOPLIST_KEY_UISupportedInterfaceOrientations_iPad = "UIInterfaceOrientationPortrait UIInterfaceOrientationPortraitUpsideDown UIInterfaceOrientationLandscapeLeft UIInterfaceOrientationLandscapeRight";
				INFOPLIST_KEY_UISupportedInterfaceOrientations_iPhone = "UIInterfaceOrientationPortrait UIInterfaceOrientationLandscapeLeft UIInterfaceOrientationLandscapeRight";
				LD_RUNPATH_SEARCH_PATHS = (
					"$(inherited)",
					"@executable_path/Frameworks",
				);
				MARKETING_VERSION = 1.0;
				PRODUCT_BUNDLE_IDENTIFIER = "com.rmoreno.R-M-Characters";
				PRODUCT_NAME = "$(TARGET_NAME)";
				SWIFT_EMIT_LOC_STRINGS = YES;
				SWIFT_VERSION = 5.0;
				TARGETED_DEVICE_FAMILY = "1,2";
			};
			name = Release;
		};
		3B9355D529BBE17D00C9049A /* Debug */ = {
			isa = XCBuildConfiguration;
			buildSettings = {
				ALWAYS_EMBED_SWIFT_STANDARD_LIBRARIES = YES;
				BUNDLE_LOADER = "$(TEST_HOST)";
				CODE_SIGN_STYLE = Automatic;
				CURRENT_PROJECT_VERSION = 1;
				DEVELOPMENT_TEAM = 9TKBLYP5N6;
				GENERATE_INFOPLIST_FILE = YES;
				IPHONEOS_DEPLOYMENT_TARGET = 16.2;
				MARKETING_VERSION = 1.0;
				PRODUCT_BUNDLE_IDENTIFIER = "com.rmoreno.R-M-CharactersTests";
				PRODUCT_NAME = "$(TARGET_NAME)";
				SWIFT_EMIT_LOC_STRINGS = NO;
				SWIFT_VERSION = 5.0;
				TARGETED_DEVICE_FAMILY = "1,2";
				TEST_HOST = "$(BUILT_PRODUCTS_DIR)/R&M Characters.app/$(BUNDLE_EXECUTABLE_FOLDER_PATH)/R&M Characters";
			};
			name = Debug;
		};
		3B9355D629BBE17D00C9049A /* Release */ = {
			isa = XCBuildConfiguration;
			buildSettings = {
				ALWAYS_EMBED_SWIFT_STANDARD_LIBRARIES = YES;
				BUNDLE_LOADER = "$(TEST_HOST)";
				CODE_SIGN_STYLE = Automatic;
				CURRENT_PROJECT_VERSION = 1;
				DEVELOPMENT_TEAM = 9TKBLYP5N6;
				GENERATE_INFOPLIST_FILE = YES;
				IPHONEOS_DEPLOYMENT_TARGET = 16.2;
				MARKETING_VERSION = 1.0;
				PRODUCT_BUNDLE_IDENTIFIER = "com.rmoreno.R-M-CharactersTests";
				PRODUCT_NAME = "$(TARGET_NAME)";
				SWIFT_EMIT_LOC_STRINGS = NO;
				SWIFT_VERSION = 5.0;
				TARGETED_DEVICE_FAMILY = "1,2";
				TEST_HOST = "$(BUILT_PRODUCTS_DIR)/R&M Characters.app/$(BUNDLE_EXECUTABLE_FOLDER_PATH)/R&M Characters";
			};
			name = Release;
		};
		3B9355D829BBE17D00C9049A /* Debug */ = {
			isa = XCBuildConfiguration;
			buildSettings = {
				ALWAYS_EMBED_SWIFT_STANDARD_LIBRARIES = YES;
				CODE_SIGN_STYLE = Automatic;
				CURRENT_PROJECT_VERSION = 1;
				DEVELOPMENT_TEAM = 9TKBLYP5N6;
				GENERATE_INFOPLIST_FILE = YES;
				MARKETING_VERSION = 1.0;
				PRODUCT_BUNDLE_IDENTIFIER = "com.rmoreno.R-M-CharactersUITests";
				PRODUCT_NAME = "$(TARGET_NAME)";
				SWIFT_EMIT_LOC_STRINGS = NO;
				SWIFT_VERSION = 5.0;
				TARGETED_DEVICE_FAMILY = "1,2";
				TEST_TARGET_NAME = "R&M Characters";
			};
			name = Debug;
		};
		3B9355D929BBE17D00C9049A /* Release */ = {
			isa = XCBuildConfiguration;
			buildSettings = {
				ALWAYS_EMBED_SWIFT_STANDARD_LIBRARIES = YES;
				CODE_SIGN_STYLE = Automatic;
				CURRENT_PROJECT_VERSION = 1;
				DEVELOPMENT_TEAM = 9TKBLYP5N6;
				GENERATE_INFOPLIST_FILE = YES;
				MARKETING_VERSION = 1.0;
				PRODUCT_BUNDLE_IDENTIFIER = "com.rmoreno.R-M-CharactersUITests";
				PRODUCT_NAME = "$(TARGET_NAME)";
				SWIFT_EMIT_LOC_STRINGS = NO;
				SWIFT_VERSION = 5.0;
				TARGETED_DEVICE_FAMILY = "1,2";
				TEST_TARGET_NAME = "R&M Characters";
			};
			name = Release;
		};
/* End XCBuildConfiguration section */

/* Begin XCConfigurationList section */
		3B93559F29BBE17C00C9049A /* Build configuration list for PBXProject "R&M Characters" */ = {
			isa = XCConfigurationList;
			buildConfigurations = (
				3B9355CF29BBE17D00C9049A /* Debug */,
				3B9355D029BBE17D00C9049A /* Release */,
			);
			defaultConfigurationIsVisible = 0;
			defaultConfigurationName = Release;
		};
		3B9355D129BBE17D00C9049A /* Build configuration list for PBXNativeTarget "R&M Characters" */ = {
			isa = XCConfigurationList;
			buildConfigurations = (
				3B9355D229BBE17D00C9049A /* Debug */,
				3B9355D329BBE17D00C9049A /* Release */,
			);
			defaultConfigurationIsVisible = 0;
			defaultConfigurationName = Release;
		};
		3B9355D429BBE17D00C9049A /* Build configuration list for PBXNativeTarget "R&M CharactersTests" */ = {
			isa = XCConfigurationList;
			buildConfigurations = (
				3B9355D529BBE17D00C9049A /* Debug */,
				3B9355D629BBE17D00C9049A /* Release */,
			);
			defaultConfigurationIsVisible = 0;
			defaultConfigurationName = Release;
		};
		3B9355D729BBE17D00C9049A /* Build configuration list for PBXNativeTarget "R&M CharactersUITests" */ = {
			isa = XCConfigurationList;
			buildConfigurations = (
				3B9355D829BBE17D00C9049A /* Debug */,
				3B9355D929BBE17D00C9049A /* Release */,
			);
			defaultConfigurationIsVisible = 0;
			defaultConfigurationName = Release;
		};
/* End XCConfigurationList section */

/* Begin XCVersionGroup section */
		3B9355B029BBE17C00C9049A /* R_M_Characters.xcdatamodeld */ = {
			isa = XCVersionGroup;
			children = (
				3B9355B129BBE17C00C9049A /* R_M_Characters.xcdatamodel */,
			);
			currentVersion = 3B9355B129BBE17C00C9049A /* R_M_Characters.xcdatamodel */;
			path = R_M_Characters.xcdatamodeld;
			sourceTree = "<group>";
			versionGroupType = wrapper.xcdatamodel;
		};
/* End XCVersionGroup section */
	};
	rootObject = 3B93559C29BBE17C00C9049A /* Project object */;
}
